
Microsoft Visual Studio Solution File, Format Version 12.00
# Visual Studio 2015
Project("{FAE04EC0-301F-11D3-BF4B-00C04F79EFBC}") = "12Days_FinalScene.Plugins", "12Days_FinalScene.Plugins.csproj", "{7B9F1332-12DD-5D86-A88C-F306F63892EE}"
EndProject
Project("{FAE04EC0-301F-11D3-BF4B-00C04F79EFBC}") = "12Days_FinalScene", "12Days_FinalScene.csproj", "{52922AD2-178C-1793-1D76-D6E43E11709D}"
EndProject
Project("{FAE04EC0-301F-11D3-BF4B-00C04F79EFBC}") = "12Days_FinalScene.Editor.Plugins", "12Days_FinalScene.Editor.Plugins.csproj", "{7117EA24-152F-C94E-217C-E58F39048873}"
EndProject
Project("{FAE04EC0-301F-11D3-BF4B-00C04F79EFBC}") = "12Days_FinalScene.Editor", "12Days_FinalScene.Editor.csproj", "{D9CF18F8-F0F5-1C43-C5DE-906705471528}"
EndProject
Global
	GlobalSection(SolutionConfigurationPlatforms) = preSolution
		Debug|Any CPU = Debug|Any CPU
		Release|Any CPU = Release|Any CPU
	EndGlobalSection
	GlobalSection(ProjectConfigurationPlatforms) = postSolution
		{7B9F1332-12DD-5D86-A88C-F306F63892EE}.Debug|Any CPU.ActiveCfg = Debug|Any CPU
		{7B9F1332-12DD-5D86-A88C-F306F63892EE}.Debug|Any CPU.Build.0 = Debug|Any CPU
		{7B9F1332-12DD-5D86-A88C-F306F63892EE}.Release|Any CPU.ActiveCfg = Release|Any CPU
		{7B9F1332-12DD-5D86-A88C-F306F63892EE}.Release|Any CPU.Build.0 = Release|Any CPU
		{52922AD2-178C-1793-1D76-D6E43E11709D}.Debug|Any CPU.ActiveCfg = Debug|Any CPU
		{52922AD2-178C-1793-1D76-D6E43E11709D}.Debug|Any CPU.Build.0 = Debug|Any CPU
		{52922AD2-178C-1793-1D76-D6E43E11709D}.Release|Any CPU.ActiveCfg = Release|Any CPU
		{52922AD2-178C-1793-1D76-D6E43E11709D}.Release|Any CPU.Build.0 = Release|Any CPU
		{7117EA24-152F-C94E-217C-E58F39048873}.Debug|Any CPU.ActiveCfg = Debug|Any CPU
		{7117EA24-152F-C94E-217C-E58F39048873}.Debug|Any CPU.Build.0 = Debug|Any CPU
		{7117EA24-152F-C94E-217C-E58F39048873}.Release|Any CPU.ActiveCfg = Release|Any CPU
		{7117EA24-152F-C94E-217C-E58F39048873}.Release|Any CPU.Build.0 = Release|Any CPU
		{D9CF18F8-F0F5-1C43-C5DE-906705471528}.Debug|Any CPU.ActiveCfg = Debug|Any CPU
		{D9CF18F8-F0F5-1C43-C5DE-906705471528}.Debug|Any CPU.Build.0 = Debug|Any CPU
		{D9CF18F8-F0F5-1C43-C5DE-906705471528}.Release|Any CPU.ActiveCfg = Release|Any CPU
		{D9CF18F8-F0F5-1C43-C5DE-906705471528}.Release|Any CPU.Build.0 = Release|Any CPU
	EndGlobalSection
	GlobalSection(SolutionProperties) = preSolution
		HideSolutionNode = FALSE
	EndGlobalSection
EndGlobal
